# This file is generated by running "yarn install" inside your project.
# Manual changes might be lost - proceed with caution!

__metadata:
  version: 6
  cacheKey: 8

"@collabsoft-net/connect@npm:1.1.2-alpha.63":
  version: 1.1.2-alpha.63
  resolution: "@collabsoft-net/connect@npm:1.1.2-alpha.63::__archiveUrl=https%3A%2F%2Fnpm.pkg.github.com%2Fdownload%2F%40collabsoft-net%2Fconnect%2F1.1.2-alpha.63%2Fe8ee43576a458c77a4592a6cedadfc3707b7ca9c"
  peerDependencies:
    "@atlaskit/modal-dialog": "*"
    "@collabsoft-net/helpers": "*"
    "@collabsoft-net/inversify": "workspace:*"
    inversify: 6.0.2
    js-cookie: 3.0.5
    react: <17.0.0
    react-dom: <17.0.0
    styled-components: 3.2.6
  checksum: 913de132e7591d500d97666b7d041015070db4c8bdd4242a86b9d5fc1785489dc7e42642e8bc18fc40ac7428fd93159bdc95b85aa885c23f831fa23c368fa89a
  languageName: node
  linkType: hard

"atlassian-connect-polyfill@workspace:.":
  version: 0.0.0-use.local
  resolution: "atlassian-connect-polyfill@workspace:."
  dependencies:
    "@collabsoft-net/connect": 1.1.2-alpha.63
  languageName: unknown
  linkType: soft
