# This file is generated by running "yarn install" inside your project.
# Manual changes might be lost - proceed with caution!

__metadata:
  version: 8
  cacheKey: 10

"@collabsoft-net/connect@npm:1.1.2-alpha.258":
  version: 1.1.2-alpha.258
  resolution: "@collabsoft-net/connect@npm:1.1.2-alpha.258::__archiveUrl=https%3A%2F%2Fnpm.pkg.github.com%2Fdownload%2F%40collabsoft-net%2Fconnect%2F1.1.2-alpha.258%2F9447269a1ce2d01ae88a062beaeb858e96b91de5"
  peerDependencies:
    "@atlaskit/tokens": ^4.8.0
    "@collabsoft-net/helpers": "*"
    "@collabsoft-net/inversify": "*"
    axios: ^1.13.0
    inversify: ^7.5.0
    js-cookie: ^3.0.5
    react: <19.0.0
    react-dom: <19.0.0
    reflect-metadata: 0.2.2
  checksum: 10/0c8feb49bedbc3d7b0c6f5a89e32afe1da3a867fc91e7689ed51913f6cb4e6b27ff110e07296b6d22e64505104c7ded4045bff3a8b796ed2144db045f10c5500
  languageName: node
  linkType: hard

"atlassian-connect-polyfill@workspace:.":
  version: 0.0.0-use.local
  resolution: "atlassian-connect-polyfill@workspace:."
  dependencies:
    "@collabsoft-net/connect": "npm:1.1.2-alpha.258"
  languageName: unknown
  linkType: soft
