# This file is generated by running "yarn install" inside your project.
# Manual changes might be lost - proceed with caution!

__metadata:
  version: 6
  cacheKey: 8

"@collabsoft-net/connect@npm:1.1.2-alpha.56":
  version: 1.1.2-alpha.56
  resolution: "@collabsoft-net/connect@npm:1.1.2-alpha.56::__archiveUrl=https%3A%2F%2Fnpm.pkg.github.com%2Fdownload%2F%40collabsoft-net%2Fconnect%2F1.1.2-alpha.56%2F551504ea83b8f823acfac651da312c0131c99aed"
  peerDependencies:
    "@atlaskit/modal-dialog": "*"
    "@collabsoft-net/helpers": "*"
    "@collabsoft-net/inversify": "workspace:*"
    inversify: 6.0.2
    js-cookie: 3.0.5
    react: <17.0.0
    react-dom: <17.0.0
    styled-components: 3.2.6
  checksum: 5638e91d4dad2a38e70ab9f5d7e96e976c3fe87cc2e9658bbcd71790d6223e6d6b561eed3e89559ba5500e555ad5bb1654eaea99b2cad2e788b911b6e3a7e2c9
  languageName: node
  linkType: hard

"atlassian-connect-polyfill@workspace:.":
  version: 0.0.0-use.local
  resolution: "atlassian-connect-polyfill@workspace:."
  dependencies:
    "@collabsoft-net/connect": 1.1.2-alpha.56
  languageName: unknown
  linkType: soft
